
Microsoft Visual Studio Solution File, Format Version 12.00
# Visual Studio Version 17
VisualStudioVersion = 17.6.33829.357
MinimumVisualStudioVersion = 10.0.40219.1
Project("{FAE04EC0-301F-11D3-BF4B-00C04F79EFBC}") = "traffic-winforms", "traffic-winforms\traffic-winforms.csproj", "{A8183DDC-F422-457C-BDCE-FA8D4B2FBFF9}"
EndProject
Global
	GlobalSection(SolutionConfigurationPlatforms) = preSolution
		Debug|Any CPU = Debug|Any CPU
		Release|Any CPU = Release|Any CPU
	EndGlobalSection
	GlobalSection(ProjectConfigurationPlatforms) = postSolution
		{A8183DDC-F422-457C-BDCE-FA8D4B2FBFF9}.Debug|Any CPU.ActiveCfg = Debug|Any CPU
		{A8183DDC-F422-457C-BDCE-FA8D4B2FBFF9}.Debug|Any CPU.Build.0 = Debug|Any CPU
		{A8183DDC-F422-457C-BDCE-FA8D4B2FBFF9}.Release|Any CPU.ActiveCfg = Release|Any CPU
		{A8183DDC-F422-457C-BDCE-FA8D4B2FBFF9}.Release|Any CPU.Build.0 = Release|Any CPU
	EndGlobalSection
	GlobalSection(SolutionProperties) = preSolution
		HideSolutionNode = FALSE
	EndGlobalSection
	GlobalSection(ExtensibilityGlobals) = postSolution
		SolutionGuid = {2F1B96E8-99A0-4377-8FB8-F4721C54CD4E}
	EndGlobalSection
EndGlobal
